
Microsoft Visual Studio Solution File, Format Version 12.00
# Visual Studio 15
VisualStudioVersion = 15.0.27428.2043
MinimumVisualStudioVersion = 10.0.40219.1
Project("{FAE04EC0-301F-11D3-BF4B-00C04F79EFBC}") = "FactorioImager", "FactorioImager\FactorioImager.csproj", "{2504DA2C-A8C7-4623-A882-DC5DEE5C5A24}"
EndProject
Global
	GlobalSection(SolutionConfigurationPlatforms) = preSolution
		Debug|Any CPU = Debug|Any CPU
		Release|Any CPU = Release|Any CPU
	EndGlobalSection
	GlobalSection(ProjectConfigurationPlatforms) = postSolution
		{2504DA2C-A8C7-4623-A882-DC5DEE5C5A24}.Debug|Any CPU.ActiveCfg = Debug|Any CPU
		{2504DA2C-A8C7-4623-A882-DC5DEE5C5A24}.Debug|Any CPU.Build.0 = Debug|Any CPU
		{2504DA2C-A8C7-4623-A882-DC5DEE5C5A24}.Release|Any CPU.ActiveCfg = Release|Any CPU
		{2504DA2C-A8C7-4623-A882-DC5DEE5C5A24}.Release|Any CPU.Build.0 = Release|Any CPU
	EndGlobalSection
	GlobalSection(SolutionProperties) = preSolution
		HideSolutionNode = FALSE
	EndGlobalSection
	GlobalSection(ExtensibilityGlobals) = postSolution
		SolutionGuid = {53F5EE9B-F938-4E41-9D60-43D74BE67379}
	EndGlobalSection
EndGlobal
